
Microsoft Visual Studio Solution File, Format Version 12.00
# Visual Studio 15
VisualStudioVersion = 15.0.28307.572
MinimumVisualStudioVersion = 10.0.40219.1
Project("{FAE04EC0-301F-11D3-BF4B-00C04F79EFBC}") = "BeersCore", "BeersCore\BeersCore.csproj", "{71130C19-9897-4127-AAF5-C4DEAA1DA65E}"
EndProject
Global
	GlobalSection(SolutionConfigurationPlatforms) = preSolution
		Debug|Any CPU = Debug|Any CPU
		Release|Any CPU = Release|Any CPU
	EndGlobalSection
	GlobalSection(ProjectConfigurationPlatforms) = postSolution
		{71130C19-9897-4127-AAF5-C4DEAA1DA65E}.Debug|Any CPU.ActiveCfg = Debug|Any CPU
		{71130C19-9897-4127-AAF5-C4DEAA1DA65E}.Debug|Any CPU.Build.0 = Debug|Any CPU
		{71130C19-9897-4127-AAF5-C4DEAA1DA65E}.Release|Any CPU.ActiveCfg = Release|Any CPU
		{71130C19-9897-4127-AAF5-C4DEAA1DA65E}.Release|Any CPU.Build.0 = Release|Any CPU
	EndGlobalSection
	GlobalSection(SolutionProperties) = preSolution
		HideSolutionNode = FALSE
	EndGlobalSection
	GlobalSection(ExtensibilityGlobals) = postSolution
		SolutionGuid = {577119A7-F13C-4760-8C79-1736EEEF4E35}
	EndGlobalSection
EndGlobal
